
Microsoft Visual Studio Solution File, Format Version 12.00
# Visual Studio Version 17
VisualStudioVersion = 17.5.002.0
MinimumVisualStudioVersion = 10.0.40219.1
Project("{9A19103F-16F7-4668-BE54-9A1E7A4F7556}") = "crudAspNet", "crudAspNet.csproj", "{3917DD2A-E63D-4BE5-9189-233B0C541038}"
EndProject
Global
	GlobalSection(SolutionConfigurationPlatforms) = preSolution
		Debug|Any CPU = Debug|Any CPU
		Release|Any CPU = Release|Any CPU
	EndGlobalSection
	GlobalSection(ProjectConfigurationPlatforms) = postSolution
		{3917DD2A-E63D-4BE5-9189-233B0C541038}.Debug|Any CPU.ActiveCfg = Debug|Any CPU
		{3917DD2A-E63D-4BE5-9189-233B0C541038}.Debug|Any CPU.Build.0 = Debug|Any CPU
		{3917DD2A-E63D-4BE5-9189-233B0C541038}.Release|Any CPU.ActiveCfg = Release|Any CPU
		{3917DD2A-E63D-4BE5-9189-233B0C541038}.Release|Any CPU.Build.0 = Release|Any CPU
	EndGlobalSection
	GlobalSection(SolutionProperties) = preSolution
		HideSolutionNode = FALSE
	EndGlobalSection
	GlobalSection(ExtensibilityGlobals) = postSolution
		SolutionGuid = {F05CF43B-EC52-4862-98BC-4F2B1625FD04}
	EndGlobalSection
EndGlobal
